
Microsoft Visual Studio Solution File, Format Version 12.00
# Visual Studio 15
VisualStudioVersion = 15.0.26730.10
MinimumVisualStudioVersion = 10.0.40219.1
Project("{9A19103F-16F7-4668-BE54-9A1E7A4F7556}") = "MarkdownParserFunction", "MarkdownParserFunction\MarkdownParserFunction.csproj", "{165B04B1-19BE-40F9-B8AE-52C2B2373626}"
EndProject
Project("{FAE04EC0-301F-11D3-BF4B-00C04F79EFBC}") = "MarkdownParser", "MarkdownParser\MarkdownParser.csproj", "{FFDA6B00-5791-48C6-B0AA-6FC57394BBE7}"
EndProject
Project("{FAE04EC0-301F-11D3-BF4B-00C04F79EFBC}") = "MarkdownParserTests", "MarkdownParserTests\MarkdownParserTests.csproj", "{23958254-3337-407E-8E00-D6C120F1518C}"
EndProject
Global
	GlobalSection(SolutionConfigurationPlatforms) = preSolution
		Debug|Any CPU = Debug|Any CPU
		Release|Any CPU = Release|Any CPU
	EndGlobalSection
	GlobalSection(ProjectConfigurationPlatforms) = postSolution
		{165B04B1-19BE-40F9-B8AE-52C2B2373626}.Debug|Any CPU.ActiveCfg = Debug|Any CPU
		{165B04B1-19BE-40F9-B8AE-52C2B2373626}.Debug|Any CPU.Build.0 = Debug|Any CPU
		{165B04B1-19BE-40F9-B8AE-52C2B2373626}.Release|Any CPU.ActiveCfg = Release|Any CPU
		{165B04B1-19BE-40F9-B8AE-52C2B2373626}.Release|Any CPU.Build.0 = Release|Any CPU
		{FFDA6B00-5791-48C6-B0AA-6FC57394BBE7}.Debug|Any CPU.ActiveCfg = Debug|Any CPU
		{FFDA6B00-5791-48C6-B0AA-6FC57394BBE7}.Debug|Any CPU.Build.0 = Debug|Any CPU
		{FFDA6B00-5791-48C6-B0AA-6FC57394BBE7}.Release|Any CPU.ActiveCfg = Release|Any CPU
		{FFDA6B00-5791-48C6-B0AA-6FC57394BBE7}.Release|Any CPU.Build.0 = Release|Any CPU
		{23958254-3337-407E-8E00-D6C120F1518C}.Debug|Any CPU.ActiveCfg = Debug|Any CPU
		{23958254-3337-407E-8E00-D6C120F1518C}.Debug|Any CPU.Build.0 = Debug|Any CPU
		{23958254-3337-407E-8E00-D6C120F1518C}.Release|Any CPU.ActiveCfg = Release|Any CPU
		{23958254-3337-407E-8E00-D6C120F1518C}.Release|Any CPU.Build.0 = Release|Any CPU
	EndGlobalSection
	GlobalSection(SolutionProperties) = preSolution
		HideSolutionNode = FALSE
	EndGlobalSection
	GlobalSection(ExtensibilityGlobals) = postSolution
		SolutionGuid = {D74A4553-92E9-45DD-BA69-0331BF113F44}
	EndGlobalSection
EndGlobal
